
Microsoft Visual Studio Solution File, Format Version 12.00
# Visual Studio Version 17
VisualStudioVersion = 17.0.32112.339
MinimumVisualStudioVersion = 10.0.40219.1
Project("{9A19103F-16F7-4668-BE54-9A1E7A4F7556}") = "MartinDrozdik.Web", "MartinDrozdik.Web\MartinDrozdik.Web.csproj", "{6E800149-1E20-4A73-BD97-36A9B7E85632}"
EndProject
Project("{2150E333-8FDC-42A3-9474-1A3956D46DE8}") = "Solution Items", "Solution Items", "{A3F148AE-12DA-488A-8C76-2035C0AEA224}"
	ProjectSection(SolutionItems) = preProject
		.editorconfig = .editorconfig
	EndProjectSection
EndProject
Project("{2150E333-8FDC-42A3-9474-1A3956D46DE8}") = "Services", "Services", "{9D463C3E-76B8-4545-B63B-BEC2D45791ED}"
EndProject
Project("{9A19103F-16F7-4668-BE54-9A1E7A4F7556}") = "MartinDrozdik.Pages.Error", "MartinDrozdik.Pages.Error\MartinDrozdik.Pages.Error.csproj", "{7AC7A86B-FA03-41DA-AE05-6E03F6616ADD}"
EndProject
Project("{2150E333-8FDC-42A3-9474-1A3956D46DE8}") = "Pages", "Pages", "{AC87F0B8-D41C-4AA9-917C-715A026C9177}"
EndProject
Project("{2150E333-8FDC-42A3-9474-1A3956D46DE8}") = "Data", "Data", "{3E17F200-3168-4944-8166-6249712F6311}"
EndProject
Project("{9A19103F-16F7-4668-BE54-9A1E7A4F7556}") = "MartinDrozdik.Data.DbContexts", "MartinDrozdik.Data.DbContexts\MartinDrozdik.Data.DbContexts.csproj", "{D27EB6AF-CA06-4935-82B1-CC58382C4023}"
EndProject
Project("{9A19103F-16F7-4668-BE54-9A1E7A4F7556}") = "MartinDrozdik.Data.Models", "MartinDrozdik.Data.Models\MartinDrozdik.Data.Models.csproj", "{7C72039A-DCDE-4B17-A3BC-DD197572C4D4}"
EndProject
Project("{2150E333-8FDC-42A3-9474-1A3956D46DE8}") = "Admin", "Admin", "{AC344DB3-CDA6-4A91-8FB6-CF46A63D83A1}"
EndProject
Project("{9A19103F-16F7-4668-BE54-9A1E7A4F7556}") = "MartinDrozdik.Web.Admin.Server", "MartinDrozdik.Web.Admin\Server\MartinDrozdik.Web.Admin.Server.csproj", "{7109367C-F8FA-4DC7-9297-700EFA69B07B}"
EndProject
Project("{9A19103F-16F7-4668-BE54-9A1E7A4F7556}") = "MartinDrozdik.Web.Admin.Client", "MartinDrozdik.Web.Admin\Client\MartinDrozdik.Web.Admin.Client.csproj", "{AA76D4DA-C67C-4B8B-AB44-CA46A8D056DC}"
EndProject
Project("{9A19103F-16F7-4668-BE54-9A1E7A4F7556}") = "MartinDrozdik.Pages.User", "MartinDrozdik.Pages.User\MartinDrozdik.Pages.User.csproj", "{3F6D5113-1C4C-4300-93FD-7A0CCEB77321}"
EndProject
Project("{2150E333-8FDC-42A3-9474-1A3956D46DE8}") = "AppLogic", "AppLogic", "{01127812-3857-4637-AAE3-1885F8D22B2B}"
EndProject
Project("{9A19103F-16F7-4668-BE54-9A1E7A4F7556}") = "MartinDrozdik.Web.Facades", "MartinDrozdik.Web.Facades\MartinDrozdik.Web.Facades.csproj", "{83FC933D-6F78-4406-8335-479062382B7A}"
EndProject
Project("{9A19103F-16F7-4668-BE54-9A1E7A4F7556}") = "MartinDrozdik.Data.Repositories", "MartinDrozdik.Data.Repositories\MartinDrozdik.Data.Repositories.csproj", "{F3801601-7DDD-4189-ADE0-9DBB7D6180ED}"
EndProject
Project("{9A19103F-16F7-4668-BE54-9A1E7A4F7556}") = "MartinDrozdik.Services.FilePathProvider", "MartinDrozdik.Services.FilePathProvider\MartinDrozdik.Services.FilePathProvider.csproj", "{D3372542-7FA3-42A1-826B-9F21A230B048}"
EndProject
Project("{9A19103F-16F7-4668-BE54-9A1E7A4F7556}") = "MartinDrozdik.Abstraction", "MartinDrozdik.Abstraction\MartinDrozdik.Abstraction.csproj", "{634140F9-AAA0-465E-8ED7-445C426DF82A}"
EndProject
Global
	GlobalSection(SolutionConfigurationPlatforms) = preSolution
		Debug|Any CPU = Debug|Any CPU
		Release|Any CPU = Release|Any CPU
	EndGlobalSection
	GlobalSection(ProjectConfigurationPlatforms) = postSolution
		{6E800149-1E20-4A73-BD97-36A9B7E85632}.Debug|Any CPU.ActiveCfg = Debug|Any CPU
		{6E800149-1E20-4A73-BD97-36A9B7E85632}.Debug|Any CPU.Build.0 = Debug|Any CPU
		{6E800149-1E20-4A73-BD97-36A9B7E85632}.Release|Any CPU.ActiveCfg = Release|Any CPU
		{6E800149-1E20-4A73-BD97-36A9B7E85632}.Release|Any CPU.Build.0 = Release|Any CPU
		{7AC7A86B-FA03-41DA-AE05-6E03F6616ADD}.Debug|Any CPU.ActiveCfg = Debug|Any CPU
		{7AC7A86B-FA03-41DA-AE05-6E03F6616ADD}.Debug|Any CPU.Build.0 = Debug|Any CPU
		{7AC7A86B-FA03-41DA-AE05-6E03F6616ADD}.Release|Any CPU.ActiveCfg = Release|Any CPU
		{7AC7A86B-FA03-41DA-AE05-6E03F6616ADD}.Release|Any CPU.Build.0 = Release|Any CPU
		{D27EB6AF-CA06-4935-82B1-CC58382C4023}.Debug|Any CPU.ActiveCfg = Debug|Any CPU
		{D27EB6AF-CA06-4935-82B1-CC58382C4023}.Debug|Any CPU.Build.0 = Debug|Any CPU
		{D27EB6AF-CA06-4935-82B1-CC58382C4023}.Release|Any CPU.ActiveCfg = Release|Any CPU
		{D27EB6AF-CA06-4935-82B1-CC58382C4023}.Release|Any CPU.Build.0 = Release|Any CPU
		{7C72039A-DCDE-4B17-A3BC-DD197572C4D4}.Debug|Any CPU.ActiveCfg = Debug|Any CPU
		{7C72039A-DCDE-4B17-A3BC-DD197572C4D4}.Debug|Any CPU.Build.0 = Debug|Any CPU
		{7C72039A-DCDE-4B17-A3BC-DD197572C4D4}.Release|Any CPU.ActiveCfg = Release|Any CPU
		{7C72039A-DCDE-4B17-A3BC-DD197572C4D4}.Release|Any CPU.Build.0 = Release|Any CPU
		{7109367C-F8FA-4DC7-9297-700EFA69B07B}.Debug|Any CPU.ActiveCfg = Debug|Any CPU
		{7109367C-F8FA-4DC7-9297-700EFA69B07B}.Debug|Any CPU.Build.0 = Debug|Any CPU
		{7109367C-F8FA-4DC7-9297-700EFA69B07B}.Release|Any CPU.ActiveCfg = Release|Any CPU
		{7109367C-F8FA-4DC7-9297-700EFA69B07B}.Release|Any CPU.Build.0 = Release|Any CPU
		{AA76D4DA-C67C-4B8B-AB44-CA46A8D056DC}.Debug|Any CPU.ActiveCfg = Debug|Any CPU
		{AA76D4DA-C67C-4B8B-AB44-CA46A8D056DC}.Debug|Any CPU.Build.0 = Debug|Any CPU
		{AA76D4DA-C67C-4B8B-AB44-CA46A8D056DC}.Release|Any CPU.ActiveCfg = Release|Any CPU
		{AA76D4DA-C67C-4B8B-AB44-CA46A8D056DC}.Release|Any CPU.Build.0 = Release|Any CPU
		{3F6D5113-1C4C-4300-93FD-7A0CCEB77321}.Debug|Any CPU.ActiveCfg = Debug|Any CPU
		{3F6D5113-1C4C-4300-93FD-7A0CCEB77321}.Debug|Any CPU.Build.0 = Debug|Any CPU
		{3F6D5113-1C4C-4300-93FD-7A0CCEB77321}.Release|Any CPU.ActiveCfg = Release|Any CPU
		{3F6D5113-1C4C-4300-93FD-7A0CCEB77321}.Release|Any CPU.Build.0 = Release|Any CPU
		{83FC933D-6F78-4406-8335-479062382B7A}.Debug|Any CPU.ActiveCfg = Debug|Any CPU
		{83FC933D-6F78-4406-8335-479062382B7A}.Debug|Any CPU.Build.0 = Debug|Any CPU
		{83FC933D-6F78-4406-8335-479062382B7A}.Release|Any CPU.ActiveCfg = Release|Any CPU
		{83FC933D-6F78-4406-8335-479062382B7A}.Release|Any CPU.Build.0 = Release|Any CPU
		{F3801601-7DDD-4189-ADE0-9DBB7D6180ED}.Debug|Any CPU.ActiveCfg = Debug|Any CPU
		{F3801601-7DDD-4189-ADE0-9DBB7D6180ED}.Debug|Any CPU.Build.0 = Debug|Any CPU
		{F3801601-7DDD-4189-ADE0-9DBB7D6180ED}.Release|Any CPU.ActiveCfg = Release|Any CPU
		{F3801601-7DDD-4189-ADE0-9DBB7D6180ED}.Release|Any CPU.Build.0 = Release|Any CPU
		{D3372542-7FA3-42A1-826B-9F21A230B048}.Debug|Any CPU.ActiveCfg = Debug|Any CPU
		{D3372542-7FA3-42A1-826B-9F21A230B048}.Debug|Any CPU.Build.0 = Debug|Any CPU
		{D3372542-7FA3-42A1-826B-9F21A230B048}.Release|Any CPU.ActiveCfg = Release|Any CPU
		{D3372542-7FA3-42A1-826B-9F21A230B048}.Release|Any CPU.Build.0 = Release|Any CPU
		{634140F9-AAA0-465E-8ED7-445C426DF82A}.Debug|Any CPU.ActiveCfg = Debug|Any CPU
		{634140F9-AAA0-465E-8ED7-445C426DF82A}.Debug|Any CPU.Build.0 = Debug|Any CPU
		{634140F9-AAA0-465E-8ED7-445C426DF82A}.Release|Any CPU.ActiveCfg = Release|Any CPU
		{634140F9-AAA0-465E-8ED7-445C426DF82A}.Release|Any CPU.Build.0 = Release|Any CPU
	EndGlobalSection
	GlobalSection(SolutionProperties) = preSolution
		HideSolutionNode = FALSE
	EndGlobalSection
	GlobalSection(NestedProjects) = preSolution
		{7AC7A86B-FA03-41DA-AE05-6E03F6616ADD} = {AC87F0B8-D41C-4AA9-917C-715A026C9177}
		{D27EB6AF-CA06-4935-82B1-CC58382C4023} = {3E17F200-3168-4944-8166-6249712F6311}
		{7C72039A-DCDE-4B17-A3BC-DD197572C4D4} = {3E17F200-3168-4944-8166-6249712F6311}
		{7109367C-F8FA-4DC7-9297-700EFA69B07B} = {AC344DB3-CDA6-4A91-8FB6-CF46A63D83A1}
		{AA76D4DA-C67C-4B8B-AB44-CA46A8D056DC} = {AC344DB3-CDA6-4A91-8FB6-CF46A63D83A1}
		{3F6D5113-1C4C-4300-93FD-7A0CCEB77321} = {AC87F0B8-D41C-4AA9-917C-715A026C9177}
		{83FC933D-6F78-4406-8335-479062382B7A} = {01127812-3857-4637-AAE3-1885F8D22B2B}
		{F3801601-7DDD-4189-ADE0-9DBB7D6180ED} = {3E17F200-3168-4944-8166-6249712F6311}
		{D3372542-7FA3-42A1-826B-9F21A230B048} = {9D463C3E-76B8-4545-B63B-BEC2D45791ED}
	EndGlobalSection
	GlobalSection(ExtensibilityGlobals) = postSolution
		SolutionGuid = {31569183-5373-451E-9C11-6DAAFA731CC4}
	EndGlobalSection
EndGlobal
