
Microsoft Visual Studio Solution File, Format Version 12.00
# Visual Studio Version 17
VisualStudioVersion = 17.0.32112.339
MinimumVisualStudioVersion = 10.0.40219.1
Project("{9A19103F-16F7-4668-BE54-9A1E7A4F7556}") = "MartinDrozdik.Web", "MartinDrozdik.Web\MartinDrozdik.Web.csproj", "{6E800149-1E20-4A73-BD97-36A9B7E85632}"
EndProject
Project("{2150E333-8FDC-42A3-9474-1A3956D46DE8}") = "Solution Items", "Solution Items", "{A3F148AE-12DA-488A-8C76-2035C0AEA224}"
	ProjectSection(SolutionItems) = preProject
		.editorconfig = .editorconfig
	EndProjectSection
EndProject
Project("{9A19103F-16F7-4668-BE54-9A1E7A4F7556}") = "MartinDrozdik.Services.FilePathProvider", "MartinDrozdik.Services.Abstraction\MartinDrozdik.Services.FilePathProvider.csproj", "{26B23846-302C-4B78-ADB7-DA8F99B3129F}"
EndProject
Project("{2150E333-8FDC-42A3-9474-1A3956D46DE8}") = "Services", "Services", "{9D463C3E-76B8-4545-B63B-BEC2D45791ED}"
EndProject
Project("{9A19103F-16F7-4668-BE54-9A1E7A4F7556}") = "MartinDrozdik.Pages.Error", "MartinDrozdik.Pages.Error\MartinDrozdik.Pages.Error.csproj", "{7AC7A86B-FA03-41DA-AE05-6E03F6616ADD}"
EndProject
Project("{2150E333-8FDC-42A3-9474-1A3956D46DE8}") = "Pages", "Pages", "{AC87F0B8-D41C-4AA9-917C-715A026C9177}"
EndProject
Project("{2150E333-8FDC-42A3-9474-1A3956D46DE8}") = "Data", "Data", "{3E17F200-3168-4944-8166-6249712F6311}"
EndProject
Project("{9A19103F-16F7-4668-BE54-9A1E7A4F7556}") = "MartinDrozdik.Data.DbContexts", "MartinDrozdik.Data.DbContexts\MartinDrozdik.Data.DbContexts.csproj", "{D27EB6AF-CA06-4935-82B1-CC58382C4023}"
EndProject
Project("{9A19103F-16F7-4668-BE54-9A1E7A4F7556}") = "MartinDrozdik.Data.Models", "MartinDrozdik.Data.Models\MartinDrozdik.Data.Models.csproj", "{7C72039A-DCDE-4B17-A3BC-DD197572C4D4}"
EndProject
Project("{2150E333-8FDC-42A3-9474-1A3956D46DE8}") = "Admin", "Admin", "{AC344DB3-CDA6-4A91-8FB6-CF46A63D83A1}"
EndProject
Global
	GlobalSection(SolutionConfigurationPlatforms) = preSolution
		Debug|Any CPU = Debug|Any CPU
		Release|Any CPU = Release|Any CPU
	EndGlobalSection
	GlobalSection(ProjectConfigurationPlatforms) = postSolution
		{6E800149-1E20-4A73-BD97-36A9B7E85632}.Debug|Any CPU.ActiveCfg = Debug|Any CPU
		{6E800149-1E20-4A73-BD97-36A9B7E85632}.Debug|Any CPU.Build.0 = Debug|Any CPU
		{6E800149-1E20-4A73-BD97-36A9B7E85632}.Release|Any CPU.ActiveCfg = Release|Any CPU
		{6E800149-1E20-4A73-BD97-36A9B7E85632}.Release|Any CPU.Build.0 = Release|Any CPU
		{26B23846-302C-4B78-ADB7-DA8F99B3129F}.Debug|Any CPU.ActiveCfg = Debug|Any CPU
		{26B23846-302C-4B78-ADB7-DA8F99B3129F}.Debug|Any CPU.Build.0 = Debug|Any CPU
		{26B23846-302C-4B78-ADB7-DA8F99B3129F}.Release|Any CPU.ActiveCfg = Release|Any CPU
		{26B23846-302C-4B78-ADB7-DA8F99B3129F}.Release|Any CPU.Build.0 = Release|Any CPU
		{7AC7A86B-FA03-41DA-AE05-6E03F6616ADD}.Debug|Any CPU.ActiveCfg = Debug|Any CPU
		{7AC7A86B-FA03-41DA-AE05-6E03F6616ADD}.Debug|Any CPU.Build.0 = Debug|Any CPU
		{7AC7A86B-FA03-41DA-AE05-6E03F6616ADD}.Release|Any CPU.ActiveCfg = Release|Any CPU
		{7AC7A86B-FA03-41DA-AE05-6E03F6616ADD}.Release|Any CPU.Build.0 = Release|Any CPU
		{D27EB6AF-CA06-4935-82B1-CC58382C4023}.Debug|Any CPU.ActiveCfg = Debug|Any CPU
		{D27EB6AF-CA06-4935-82B1-CC58382C4023}.Debug|Any CPU.Build.0 = Debug|Any CPU
		{D27EB6AF-CA06-4935-82B1-CC58382C4023}.Release|Any CPU.ActiveCfg = Release|Any CPU
		{D27EB6AF-CA06-4935-82B1-CC58382C4023}.Release|Any CPU.Build.0 = Release|Any CPU
		{7C72039A-DCDE-4B17-A3BC-DD197572C4D4}.Debug|Any CPU.ActiveCfg = Debug|Any CPU
		{7C72039A-DCDE-4B17-A3BC-DD197572C4D4}.Debug|Any CPU.Build.0 = Debug|Any CPU
		{7C72039A-DCDE-4B17-A3BC-DD197572C4D4}.Release|Any CPU.ActiveCfg = Release|Any CPU
		{7C72039A-DCDE-4B17-A3BC-DD197572C4D4}.Release|Any CPU.Build.0 = Release|Any CPU
	EndGlobalSection
	GlobalSection(SolutionProperties) = preSolution
		HideSolutionNode = FALSE
	EndGlobalSection
	GlobalSection(NestedProjects) = preSolution
		{26B23846-302C-4B78-ADB7-DA8F99B3129F} = {9D463C3E-76B8-4545-B63B-BEC2D45791ED}
		{7AC7A86B-FA03-41DA-AE05-6E03F6616ADD} = {AC87F0B8-D41C-4AA9-917C-715A026C9177}
		{D27EB6AF-CA06-4935-82B1-CC58382C4023} = {3E17F200-3168-4944-8166-6249712F6311}
		{7C72039A-DCDE-4B17-A3BC-DD197572C4D4} = {3E17F200-3168-4944-8166-6249712F6311}
	EndGlobalSection
	GlobalSection(ExtensibilityGlobals) = postSolution
		SolutionGuid = {31569183-5373-451E-9C11-6DAAFA731CC4}
	EndGlobalSection
EndGlobal
